
Microsoft Visual Studio Solution File, Format Version 12.00
# Visual Studio Version 17
VisualStudioVersion = 17.8.34525.116
MinimumVisualStudioVersion = 10.0.40219.1
Project("{FAE04EC0-301F-11D3-BF4B-00C04F79EFBC}") = "HW_DeserialiseJS", "HW_DeserialiseJS\HW_DeserialiseJS.csproj", "{6703D195-08BC-4D5F-9058-13070645C661}"
EndProject
Global
	GlobalSection(SolutionConfigurationPlatforms) = preSolution
		Debug|Any CPU = Debug|Any CPU
		Release|Any CPU = Release|Any CPU
	EndGlobalSection
	GlobalSection(ProjectConfigurationPlatforms) = postSolution
		{6703D195-08BC-4D5F-9058-13070645C661}.Debug|Any CPU.ActiveCfg = Debug|Any CPU
		{6703D195-08BC-4D5F-9058-13070645C661}.Debug|Any CPU.Build.0 = Debug|Any CPU
		{6703D195-08BC-4D5F-9058-13070645C661}.Release|Any CPU.ActiveCfg = Release|Any CPU
		{6703D195-08BC-4D5F-9058-13070645C661}.Release|Any CPU.Build.0 = Release|Any CPU
	EndGlobalSection
	GlobalSection(SolutionProperties) = preSolution
		HideSolutionNode = FALSE
	EndGlobalSection
	GlobalSection(ExtensibilityGlobals) = postSolution
		SolutionGuid = {BE8BDDFC-3279-488D-92AD-330255E85892}
	EndGlobalSection
EndGlobal
